
Microsoft Visual Studio Solution File, Format Version 12.00
# Visual Studio 15
VisualStudioVersion = 15.0.26730.10
MinimumVisualStudioVersion = 10.0.40219.1
Project("{FAE04EC0-301F-11D3-BF4B-00C04F79EFBC}") = "chartexample", "chartexample\chartexample.csproj", "{EE5C0A5B-44D8-42FD-927D-2C75F5FA6CBD}"
EndProject
Global
	GlobalSection(SolutionConfigurationPlatforms) = preSolution
		Debug|Any CPU = Debug|Any CPU
		Release|Any CPU = Release|Any CPU
	EndGlobalSection
	GlobalSection(ProjectConfigurationPlatforms) = postSolution
		{EE5C0A5B-44D8-42FD-927D-2C75F5FA6CBD}.Debug|Any CPU.ActiveCfg = Debug|Any CPU
		{EE5C0A5B-44D8-42FD-927D-2C75F5FA6CBD}.Debug|Any CPU.Build.0 = Debug|Any CPU
		{EE5C0A5B-44D8-42FD-927D-2C75F5FA6CBD}.Release|Any CPU.ActiveCfg = Release|Any CPU
		{EE5C0A5B-44D8-42FD-927D-2C75F5FA6CBD}.Release|Any CPU.Build.0 = Release|Any CPU
	EndGlobalSection
	GlobalSection(SolutionProperties) = preSolution
		HideSolutionNode = FALSE
	EndGlobalSection
	GlobalSection(ExtensibilityGlobals) = postSolution
		SolutionGuid = {B168FC64-6F96-43E4-81BA-48E2EAC8CED8}
	EndGlobalSection
EndGlobal
